{
  "name": "ppc-cc-2023-1-ment2-noite-palestra-cc",
  "lockfileVersion": 3,
  "requires": true,
  "packages": {
    "": {
      "dependencies": {
        "axios": "^1.4.0",
        "mongoose-auto-increment": "^3.0.1",
        "react-icons": "^4.9.0"
      }
    },
    "node_modules/abort-controller": {
      "version": "3.0.0",
      "resolved": "https://registry.npmjs.org/abort-controller/-/abort-controller-3.0.0.tgz",
      "integrity": "sha512-h8lQ8tacZYnR3vNQTgibj+tODHI5/+l06Au2Pcriv/Gmet0eaj4TwWH41sO9wnHDiQsEj19q0drzdWdeAHtweg==",
      "optional": true,
      "peer": true,
      "dependencies": {
        "event-target-shim": "^5.0.0"
      },
      "engines": {
        "node": ">=6.5"
      }
    },
    "node_modules/async": {
      "version": "0.9.0",
      "resolved": "https://registry.npmjs.org/async/-/async-0.9.0.tgz",
      "integrity": "sha512-XQJ3MipmCHAIBBMFfu2jaSetneOrXbSyyqeU3Nod867oNOpS+i9FEms5PWgjMxSgBybRf2IVVLtr1YfrDO+okg==",
      "peer": true
    },
    "node_modules/asynckit": {
      "version": "0.4.0",
      "resolved": "https://registry.npmjs.org/asynckit/-/asynckit-0.4.0.tgz",
      "integrity": "sha512-Oei9OH4tRh0YqU3GxhX79dM/mwVgvbZJaSNaRk+bshkj0S5cfHcgYakreBjrHwatXKbz+IoIdYLxrKim2MjW0Q=="
    },
    "node_modules/axios": {
      "version": "1.4.0",
      "resolved": "https://registry.npmjs.org/axios/-/axios-1.4.0.tgz",
      "integrity": "sha512-S4XCWMEmzvo64T9GfvQDOXgYRDJ/wsSZc7Jvdgx5u1sd0JwsuPLqb3SYmusag+edF6ziyMensPVqLTSc1PiSEA==",
      "dependencies": {
        "follow-redirects": "^1.15.0",
        "form-data": "^4.0.0",
        "proxy-from-env": "^1.1.0"
      }
    },
    "node_modules/base64-js": {
      "version": "1.5.1",
      "resolved": "https://registry.npmjs.org/base64-js/-/base64-js-1.5.1.tgz",
      "integrity": "sha512-AKpaYlHn8t4SVbOHCy+b5+KKgvR4vrsD8vbvrbiQJps7fKDTkjkDry6ji0rUJjC0kzbNePLwzxq8iypo41qeWA==",
      "funding": [
        {
          "type": "github",
          "url": "https://github.com/sponsors/feross"
        },
        {
          "type": "patreon",
          "url": "https://www.patreon.com/feross"
        },
        {
          "type": "consulting",
          "url": "https://feross.org/support"
        }
      ],
      "optional": true,
      "peer": true
    },
    "node_modules/bson": {
      "version": "0.2.22",
      "resolved": "https://registry.npmjs.org/bson/-/bson-0.2.22.tgz",
      "integrity": "sha512-Je/+cMAEklcr2Dctw7VtlukmotWOwp45w1nsNLtNwH9Tq7N6wKa86oBnf9kRRYzrEuzIAu4MugFP9xJamYhNxw==",
      "deprecated": "Fixed a critical issue with BSON serialization documented in CVE-2019-2391, see https://bit.ly/2KcpXdo for more details",
      "hasInstallScript": true,
      "peer": true,
      "dependencies": {
        "nan": "~1.8"
      },
      "engines": {
        "node": ">=0.6.19"
      }
    },
    "node_modules/buffer": {
      "version": "6.0.3",
      "resolved": "https://registry.npmjs.org/buffer/-/buffer-6.0.3.tgz",
      "integrity": "sha512-FTiCpNxtwiZZHEZbcbTIcZjERVICn9yq/pDFkTl95/AxzD1naBctN7YO68riM/gLSDY7sdrMby8hofADYuuqOA==",
      "funding": [
        {
          "type": "github",
          "url": "https://github.com/sponsors/feross"
        },
        {
          "type": "patreon",
          "url": "https://www.patreon.com/feross"
        },
        {
          "type": "consulting",
          "url": "https://feross.org/support"
        }
      ],
      "optional": true,
      "peer": true,
      "dependencies": {
        "base64-js": "^1.3.1",
        "ieee754": "^1.2.1"
      }
    },
    "node_modules/combined-stream": {
      "version": "1.0.8",
      "resolved": "https://registry.npmjs.org/combined-stream/-/combined-stream-1.0.8.tgz",
      "integrity": "sha512-FQN4MRfuJeHf7cBbBMJFXhKSDq+2kAArBlmRBvcvFE5BB1HZKXtSFASDhdlz9zOYwxh8lDdnvmMOe/+5cdoEdg==",
      "dependencies": {
        "delayed-stream": "~1.0.0"
      },
      "engines": {
        "node": ">= 0.8"
      }
    },
    "node_modules/debug": {
      "version": "0.7.4",
      "resolved": "https://registry.npmjs.org/debug/-/debug-0.7.4.tgz",
      "integrity": "sha512-EohAb3+DSHSGx8carOSKJe8G0ayV5/i609OD0J2orCkuyae7SyZSz2aoLmQF2s0Pj5gITDebwPH7GFBlqOUQ1Q==",
      "peer": true,
      "engines": {
        "node": "*"
      }
    },
    "node_modules/delayed-stream": {
      "version": "1.0.0",
      "resolved": "https://registry.npmjs.org/delayed-stream/-/delayed-stream-1.0.0.tgz",
      "integrity": "sha512-ZySD7Nf91aLB0RxL4KGrKHBXl7Eds1DAmEdcoVawXnLD7SDhpNgtuII2aAkg7a7QS41jxPSZ17p4VdGnMHk3MQ==",
      "engines": {
        "node": ">=0.4.0"
      }
    },
    "node_modules/event-target-shim": {
      "version": "5.0.1",
      "resolved": "https://registry.npmjs.org/event-target-shim/-/event-target-shim-5.0.1.tgz",
      "integrity": "sha512-i/2XbnSz/uxRCU6+NdVJgKWDTM427+MqYbkQzD321DuCQJUqOuJKIA0IM2+W2xtYHdKOmZ4dR6fExsd4SXL+WQ==",
      "optional": true,
      "peer": true,
      "engines": {
        "node": ">=6"
      }
    },
    "node_modules/events": {
      "version": "3.3.0",
      "resolved": "https://registry.npmjs.org/events/-/events-3.3.0.tgz",
      "integrity": "sha512-mQw+2fkQbALzQ7V0MY0IqdnXNOeTtP4r0lN9z7AAawCXgqea7bDii20AYrIBrFd/Hx0M2Ocz6S111CaFkUcb0Q==",
      "optional": true,
      "peer": true,
      "engines": {
        "node": ">=0.8.x"
      }
    },
    "node_modules/extend": {
      "version": "2.0.2",
      "resolved": "https://registry.npmjs.org/extend/-/extend-2.0.2.tgz",
      "integrity": "sha512-AgFD4VU+lVLP6vjnlNfF7OeInLTyeyckCNPEsuxz1vi786UuK/nk6ynPuhn/h+Ju9++TQyr5EpLRI14fc1QtTQ=="
    },
    "node_modules/follow-redirects": {
      "version": "1.15.2",
      "resolved": "https://registry.npmjs.org/follow-redirects/-/follow-redirects-1.15.2.tgz",
      "integrity": "sha512-VQLG33o04KaQ8uYi2tVNbdrWp1QWxNNea+nmIB4EVM28v0hmP17z7aG1+wAkNzVq4KeXTq3221ye5qTJP91JwA==",
      "funding": [
        {
          "type": "individual",
          "url": "https://github.com/sponsors/RubenVerborgh"
        }
      ],
      "engines": {
        "node": ">=4.0"
      },
      "peerDependenciesMeta": {
        "debug": {
          "optional": true
        }
      }
    },
    "node_modules/form-data": {
      "version": "4.0.0",
      "resolved": "https://registry.npmjs.org/form-data/-/form-data-4.0.0.tgz",
      "integrity": "sha512-ETEklSGi5t0QMZuiXoA/Q6vcnxcLQP5vdugSpuAyi6SVGi2clPPp+xgEhuMaHC+zGgn31Kd235W35f7Hykkaww==",
      "dependencies": {
        "asynckit": "^0.4.0",
        "combined-stream": "^1.0.8",
        "mime-types": "^2.1.12"
      },
      "engines": {
        "node": ">= 6"
      }
    },
    "node_modules/hooks": {
      "version": "0.3.2",
      "resolved": "https://registry.npmjs.org/hooks/-/hooks-0.3.2.tgz",
      "integrity": "sha512-TqeFzUf12rSzcbm5lUls81jimUC8TmXZ4ANPxxeeMou09hrjBcHYhAQ0WgyN5YqNCXOzz7L6xVNl/+ctFuSeOw==",
      "peer": true,
      "engines": {
        "node": ">=0.4.0"
      }
    },
    "node_modules/ieee754": {
      "version": "1.2.1",
      "resolved": "https://registry.npmjs.org/ieee754/-/ieee754-1.2.1.tgz",
      "integrity": "sha512-dcyqhDvX1C46lXZcVqCpK+FtMRQVdIMN6/Df5js2zouUsqG7I6sFxitIC+7KYK29KdXOLHdu9zL4sFnoVQnqaA==",
      "funding": [
        {
          "type": "github",
          "url": "https://github.com/sponsors/feross"
        },
        {
          "type": "patreon",
          "url": "https://www.patreon.com/feross"
        },
        {
          "type": "consulting",
          "url": "https://feross.org/support"
        }
      ],
      "optional": true,
      "peer": true
    },
    "node_modules/js-tokens": {
      "version": "4.0.0",
      "resolved": "https://registry.npmjs.org/js-tokens/-/js-tokens-4.0.0.tgz",
      "integrity": "sha512-RdJUflcE3cUzKiMqQgsCu06FPu9UdIJO0beYbPhHN4k6apgJtifcoCtT9bcxOpYBtpD2kCM6Sbzg4CausW/PKQ==",
      "peer": true
    },
    "node_modules/kareem": {
      "version": "0.0.4",
      "resolved": "https://registry.npmjs.org/kareem/-/kareem-0.0.4.tgz",
      "integrity": "sha512-biWthuL9dy1wKKoAfOTs012aXauaZkQ/yxTiNkm/sM+kHWN+XOyXaeF6ukPlzQhPnmjcwMAdYuDXxOaYmYmNtA==",
      "peer": true
    },
    "node_modules/kerberos": {
      "version": "0.0.4",
      "resolved": "https://registry.npmjs.org/kerberos/-/kerberos-0.0.4.tgz",
      "integrity": "sha512-rqK5AqBoub/AR0ViBiNrxwSE1xXy91Fw8+db1PFAFn1BkwnPjOGcsyXGiXKUiCxwSGYX8nbP1atKVW/BP0Cmtg==",
      "hasInstallScript": true,
      "optional": true,
      "peer": true
    },
    "node_modules/loose-envify": {
      "version": "1.4.0",
      "resolved": "https://registry.npmjs.org/loose-envify/-/loose-envify-1.4.0.tgz",
      "integrity": "sha512-lyuxPGr/Wfhrlem2CL/UcnUc1zcqKAImBDzukY7Y5F/yQiNdko6+fRLevlw1HgMySw7f611UIY408EtxRSoK3Q==",
      "peer": true,
      "dependencies": {
        "js-tokens": "^3.0.0 || ^4.0.0"
      },
      "bin": {
        "loose-envify": "cli.js"
      }
    },
    "node_modules/mime-db": {
      "version": "1.52.0",
      "resolved": "https://registry.npmjs.org/mime-db/-/mime-db-1.52.0.tgz",
      "integrity": "sha512-sPU4uV7dYlvtWJxwwxHD0PuihVNiE7TyAbQ5SWxDCB9mUYvOgroQOwYQQOKPJ8CIbE+1ETVlOoK1UC2nU3gYvg==",
      "engines": {
        "node": ">= 0.6"
      }
    },
    "node_modules/mime-types": {
      "version": "2.1.35",
      "resolved": "https://registry.npmjs.org/mime-types/-/mime-types-2.1.35.tgz",
      "integrity": "sha512-ZDY+bPm5zTTF+YpCrAU9nK0UgICYPT0QtT1NZWFv4s++TNkcgVaT0g6+4R2uI4MjQjzysHB1zxuWL50hzaeXiw==",
      "dependencies": {
        "mime-db": "1.52.0"
      },
      "engines": {
        "node": ">= 0.6"
      }
    },
    "node_modules/mongodb": {
      "version": "1.4.12",
      "resolved": "https://registry.npmjs.org/mongodb/-/mongodb-1.4.12.tgz",
      "integrity": "sha512-RRSVYnPZtTm6X3269d+VwOHWEJ4YIlo0Qk36WIsdC1KSAhTf1xfC4eTyZZoq/O14aYA5lGl7bcrtUMD1V6gntQ==",
      "deprecated": "Please upgrade to 2.2.19 or higher",
      "peer": true,
      "dependencies": {
        "bson": "~0.2"
      },
      "engines": {
        "node": ">=0.6.19"
      },
      "optionalDependencies": {
        "kerberos": "0.0.4",
        "readable-stream": "latest"
      }
    },
    "node_modules/mongoose": {
      "version": "3.9.7",
      "resolved": "https://registry.npmjs.org/mongoose/-/mongoose-3.9.7.tgz",
      "integrity": "sha512-pWWsv+6Ew5oGFTqPhe6ofM6kTGhuQh69prA88UdqMLg9PXENUuU2eV2gtGeGxoAJLT6flJfO2TM32qbAtlmqCA==",
      "peer": true,
      "dependencies": {
        "async": "0.9.0",
        "hooks": "0.3.2",
        "kareem": "0.0.4",
        "mongodb": "1.4.12",
        "mpath": "0.1.1",
        "mpromise": "0.5.4",
        "mquery": "1.0.0",
        "ms": "0.1.0",
        "muri": "0.3.1",
        "regexp-clone": "0.0.1",
        "sliced": "0.0.5"
      },
      "engines": {
        "node": ">=0.6.19"
      }
    },
    "node_modules/mongoose-auto-increment": {
      "version": "3.2.4",
      "resolved": "https://registry.npmjs.org/mongoose-auto-increment/-/mongoose-auto-increment-3.2.4.tgz",
      "integrity": "sha512-J01tzNfC0LtiDQo4DUwaxh5OksNnGKKf5JN0o9R0shzrJe3++ueV9Kra/IJQAXaJpUsqxfYTrMLQSsr1PBnqzw==",
      "dependencies": {
        "extend": "^2.0.0"
      },
      "peerDependencies": {
        "mongoose": "^3.8.12"
      }
    },
    "node_modules/mpath": {
      "version": "0.1.1",
      "resolved": "https://registry.npmjs.org/mpath/-/mpath-0.1.1.tgz",
      "integrity": "sha512-q3I8htqDfa7EiDyY4Nxywpuov+uEqy6FWCNK8iJ1DxxyPvQpbIvdf7LQ5ms9iXrYhj3BJ/ETAaozIo/j6Z7DGA==",
      "peer": true
    },
    "node_modules/mpromise": {
      "version": "0.5.4",
      "resolved": "https://registry.npmjs.org/mpromise/-/mpromise-0.5.4.tgz",
      "integrity": "sha512-r+wWWght+ncv5vntgV84NJphcVCk6ZcUdKJc5KnbnOyEMyabLq8SpEqUBW0hoE9T0NDcf5cXw/uso+V3fOQEFA==",
      "peer": true
    },
    "node_modules/mquery": {
      "version": "1.0.0",
      "resolved": "https://registry.npmjs.org/mquery/-/mquery-1.0.0.tgz",
      "integrity": "sha512-v8EVsyC20NVlISRTzGgui3H6hv8SLIVI+GcSl2VxpwFM9UET3O0PvgHVG53aJa13UiaMj7O+q3NZ+7ySuoo2qQ==",
      "peer": true,
      "dependencies": {
        "debug": "0.7.4",
        "regexp-clone": "0.0.1",
        "sliced": "0.0.5"
      }
    },
    "node_modules/ms": {
      "version": "0.1.0",
      "resolved": "https://registry.npmjs.org/ms/-/ms-0.1.0.tgz",
      "integrity": "sha512-7uwYj3Xip4rOFpe5dDy+C25Ad0nAXkT4yAVMSpuh1UYR2Z7tAswSh4wb/HghRa533wofFUsvg54OQ90Mu1dCJg==",
      "peer": true,
      "engines": {
        "node": "*"
      }
    },
    "node_modules/muri": {
      "version": "0.3.1",
      "resolved": "https://registry.npmjs.org/muri/-/muri-0.3.1.tgz",
      "integrity": "sha512-Mv8Tz5IW0K5cDsWqr4fXVoGSxc2BM3BFag3TdhGkCGPPcYtYBDO2We0YUTruAhszG9NOZjXkgyB5C36PnT0q1A==",
      "peer": true
    },
    "node_modules/nan": {
      "version": "1.8.4",
      "resolved": "https://registry.npmjs.org/nan/-/nan-1.8.4.tgz",
      "integrity": "sha512-609zQ1h3ApgH/94qmbbEklSrjcYYXCHnsWk4MAojq4OUk3tidhDYhPaMasMFKsZPZ96r4eQA1hbR2W4H7/77XA==",
      "peer": true
    },
    "node_modules/process": {
      "version": "0.11.10",
      "resolved": "https://registry.npmjs.org/process/-/process-0.11.10.tgz",
      "integrity": "sha512-cdGef/drWFoydD1JsMzuFf8100nZl+GT+yacc2bEced5f9Rjk4z+WtFUTBu9PhOi9j/jfmBPu0mMEY4wIdAF8A==",
      "optional": true,
      "peer": true,
      "engines": {
        "node": ">= 0.6.0"
      }
    },
    "node_modules/proxy-from-env": {
      "version": "1.1.0",
      "resolved": "https://registry.npmjs.org/proxy-from-env/-/proxy-from-env-1.1.0.tgz",
      "integrity": "sha512-D+zkORCbA9f1tdWRK0RaCR3GPv50cMxcrz4X8k5LTSUD1Dkw47mKJEZQNunItRTkWwgtaUSo1RVFRIG9ZXiFYg=="
    },
    "node_modules/react": {
      "version": "18.2.0",
      "resolved": "https://registry.npmjs.org/react/-/react-18.2.0.tgz",
      "integrity": "sha512-/3IjMdb2L9QbBdWiW5e3P2/npwMBaU9mHCSCUzNln0ZCYbcfTsGbTJrU/kGemdH2IWmB2ioZ+zkxtmq6g09fGQ==",
      "peer": true,
      "dependencies": {
        "loose-envify": "^1.1.0"
      },
      "engines": {
        "node": ">=0.10.0"
      }
    },
    "node_modules/react-icons": {
      "version": "4.9.0",
      "resolved": "https://registry.npmjs.org/react-icons/-/react-icons-4.9.0.tgz",
      "integrity": "sha512-ijUnFr//ycebOqujtqtV9PFS7JjhWg0QU6ykURVHuL4cbofvRCf3f6GMn9+fBktEFQOIVZnuAYLZdiyadRQRFg==",
      "peerDependencies": {
        "react": "*"
      }
    },
    "node_modules/readable-stream": {
      "version": "4.4.0",
      "resolved": "https://registry.npmjs.org/readable-stream/-/readable-stream-4.4.0.tgz",
      "integrity": "sha512-kDMOq0qLtxV9f/SQv522h8cxZBqNZXuXNyjyezmfAAuribMyVXziljpQ/uQhfE1XLg2/TLTW2DsnoE4VAi/krg==",
      "optional": true,
      "peer": true,
      "dependencies": {
        "abort-controller": "^3.0.0",
        "buffer": "^6.0.3",
        "events": "^3.3.0",
        "process": "^0.11.10"
      },
      "engines": {
        "node": "^12.22.0 || ^14.17.0 || >=16.0.0"
      }
    },
    "node_modules/regexp-clone": {
      "version": "0.0.1",
      "resolved": "https://registry.npmjs.org/regexp-clone/-/regexp-clone-0.0.1.tgz",
      "integrity": "sha512-tfYXF0HXEYh3AtgdjqNLQ8+tmZSAKIS7KtOjmB1laJgfbsi+Lf2RVNwLZVOE3U27yBXikzQuIXglLlakvb8Thw==",
      "peer": true
    },
    "node_modules/sliced": {
      "version": "0.0.5",
      "resolved": "https://registry.npmjs.org/sliced/-/sliced-0.0.5.tgz",
      "integrity": "sha512-9bYT917D6H3+q8GlQBJmLVz3bc4OeVGfZ2BB12wvLnluTGfG6/8UdOUbKJDW1EEx9SZMDbjnatkau5/XcUeyOw==",
      "peer": true
    }
  }
}
